
Microsoft Visual Studio Solution File, Format Version 12.00
# Visual Studio Version 16
VisualStudioVersion = 16.0.28822.285
MinimumVisualStudioVersion = 10.0.40219.1
Project("{9A19103F-16F7-4668-BE54-9A1E7A4F7556}") = "MoqDemoPractice", "MoqDemoPractice\MoqDemoPractice.csproj", "{9654A1E5-B188-41D7-BAB2-E81609493D0E}"
EndProject
Project("{9A19103F-16F7-4668-BE54-9A1E7A4F7556}") = "TestsMoqDemo", "TestsMoqDemo\TestsMoqDemo.csproj", "{EFA8A4A2-A616-4855-AC54-87F7C303F1E5}"
EndProject
Global
	GlobalSection(SolutionConfigurationPlatforms) = preSolution
		Debug|Any CPU = Debug|Any CPU
		Release|Any CPU = Release|Any CPU
	EndGlobalSection
	GlobalSection(ProjectConfigurationPlatforms) = postSolution
		{9654A1E5-B188-41D7-BAB2-E81609493D0E}.Debug|Any CPU.ActiveCfg = Debug|Any CPU
		{9654A1E5-B188-41D7-BAB2-E81609493D0E}.Debug|Any CPU.Build.0 = Debug|Any CPU
		{9654A1E5-B188-41D7-BAB2-E81609493D0E}.Release|Any CPU.ActiveCfg = Release|Any CPU
		{9654A1E5-B188-41D7-BAB2-E81609493D0E}.Release|Any CPU.Build.0 = Release|Any CPU
		{EFA8A4A2-A616-4855-AC54-87F7C303F1E5}.Debug|Any CPU.ActiveCfg = Debug|Any CPU
		{EFA8A4A2-A616-4855-AC54-87F7C303F1E5}.Debug|Any CPU.Build.0 = Debug|Any CPU
		{EFA8A4A2-A616-4855-AC54-87F7C303F1E5}.Release|Any CPU.ActiveCfg = Release|Any CPU
		{EFA8A4A2-A616-4855-AC54-87F7C303F1E5}.Release|Any CPU.Build.0 = Release|Any CPU
	EndGlobalSection
	GlobalSection(SolutionProperties) = preSolution
		HideSolutionNode = FALSE
	EndGlobalSection
	GlobalSection(ExtensibilityGlobals) = postSolution
		SolutionGuid = {F5235F96-DD8D-41DF-B8F0-47C6151D8CB4}
	EndGlobalSection
EndGlobal
